
Microsoft Visual Studio Solution File, Format Version 12.00
# Visual Studio Version 17
VisualStudioVersion = 17.0.31903.59
MinimumVisualStudioVersion = 10.0.40219.1
Project("{FAE04EC0-301F-11D3-BF4B-00C04F79EFBC}") = "STOTOP.WebAPI", "STOTOP.WebAPI\STOTOP.WebAPI.csproj", "{80957AD6-2872-49DB-9F55-589510E3EF9D}"
EndProject
Project("{FAE04EC0-301F-11D3-BF4B-00C04F79EFBC}") = "STOTOP.Core", "STOTOP.Core\STOTOP.Core.csproj", "{0E02334E-B9D2-4F7C-A997-A27A0C4569D5}"
EndProject
Project("{FAE04EC0-301F-11D3-BF4B-00C04F79EFBC}") = "STOTOP.Infrastructure", "STOTOP.Infrastructure\STOTOP.Infrastructure.csproj", "{9DACA005-5D96-4884-A690-A010619406ED}"
EndProject
Project("{FAE04EC0-301F-11D3-BF4B-00C04F79EFBC}") = "STOTOP.Module.System", "STOTOP.Module.System\STOTOP.Module.System.csproj", "{EF9972F1-9362-44DF-B481-270F1C899740}"
EndProject
Project("{FAE04EC0-301F-11D3-BF4B-00C04F79EFBC}") = "STOTOP.Module.Finance", "STOTOP.Module.Finance\STOTOP.Module.Finance.csproj", "{E322FF64-6E26-4F1D-9632-8B395D8880B4}"
EndProject
Project("{FAE04EC0-301F-11D3-BF4B-00C04F79EFBC}") = "STOTOP.Module.OA", "STOTOP.Module.OA\STOTOP.Module.OA.csproj", "{88320D11-4B75-4A4E-B121-DC3EC8E02361}"
EndProject
Project("{FAE04EC0-301F-11D3-BF4B-00C04F79EFBC}") = "STOTOP.Module.Task", "STOTOP.Module.Task\STOTOP.Module.Task.csproj", "{173CB54B-FFA4-4B7E-A443-B1F0030C6168}"
EndProject
Project("{FAE04EC0-301F-11D3-BF4B-00C04F79EFBC}") = "STOTOP.Module.Supplier", "STOTOP.Module.Supplier\STOTOP.Module.Supplier.csproj", "{B5A2F8C1-3D4E-4F6A-8B9C-1E2D3F4A5B6C}"
EndProject
Project("{FAE04EC0-301F-11D3-BF4B-00C04F79EFBC}") = "STOTOP.Module.HR", "STOTOP.Module.HR\STOTOP.Module.HR.csproj", "{C7D8E9F0-1A2B-3C4D-5E6F-7A8B9C0D1E2F}"
EndProject
Project("{FAE04EC0-301F-11D3-BF4B-00C04F79EFBC}") = "STOTOP.Module.Dormitory", "STOTOP.Module.Dormitory\STOTOP.Module.Dormitory.csproj", "{D1E2F3A4-5B6C-7D8E-9F0A-1B2C3D4E5F6A}"
EndProject
Project("{FAE04EC0-301F-11D3-BF4B-00C04F79EFBC}") = "STOTOP.Module.Vehicle", "STOTOP.Module.Vehicle\STOTOP.Module.Vehicle.csproj", "{BAF79FB4-A13A-473B-B7CD-18E4F793099A}"
EndProject
Project("{FAE04EC0-301F-11D3-BF4B-00C04F79EFBC}") = "STOTOP.Module.Express", "STOTOP.Module.Express\STOTOP.Module.Express.csproj", "{088C69D2-FFEA-40ED-8DC0-CF9E9C97B2BA}"
EndProject
Project("{FAE04EC0-301F-11D3-BF4B-00C04F79EFBC}") = "STOTOP.Module.Points", "STOTOP.Module.Points\STOTOP.Module.Points.csproj", "{04C12B20-5072-4AC3-9070-E13A3FB8CCF1}"
EndProject
Project("{FAE04EC0-301F-11D3-BF4B-00C04F79EFBC}") = "STOTOP.Module.CRM", "STOTOP.Module.CRM\STOTOP.Module.CRM.csproj", "{60A74BF4-344B-4681-A4FA-863C2EDEA21F}"
EndProject
Project("{FAE04EC0-301F-11D3-BF4B-00C04F79EFBC}") = "STOTOP.Module.Contract", "STOTOP.Module.Contract\STOTOP.Module.Contract.csproj", "{0FB465E3-6577-43D5-B9A4-BE4A3663BCA7}"
EndProject
Project("{FAE04EC0-301F-11D3-BF4B-00C04F79EFBC}") = "STOTOP.Module.Conference", "STOTOP.Module.Conference\STOTOP.Module.Conference.csproj", "{90011D53-890C-4277-9646-F53FC7AF32DD}"
EndProject
Project("{FAE04EC0-301F-11D3-BF4B-00C04F79EFBC}") = "STOTOP.Module.KSF", "STOTOP.Module.KSF\STOTOP.Module.KSF.csproj", "{064162A6-79BB-4B1D-AF92-F02682B2B04C}"
EndProject
Project("{FAE04EC0-301F-11D3-BF4B-00C04F79EFBC}") = "STOTOP.Module.PPV", "STOTOP.Module.PPV\STOTOP.Module.PPV.csproj", "{7F8A9B0C-1D2E-3F4A-5B6C-7D8E9F0A1B2C}"
EndProject
Project("{FAE04EC0-301F-11D3-BF4B-00C04F79EFBC}") = "STOTOP.Module.Salary", "STOTOP.Module.Salary\STOTOP.Module.Salary.csproj", "{C14118BB-952A-4343-9B91-987DA0FEEC1E}"
EndProject
Project("{FAE04EC0-301F-11D3-BF4B-00C04F79EFBC}") = "STOTOP.Module.CardFlow.Tests", "..\tests\STOTOP.Module.CardFlow.Tests\STOTOP.Module.CardFlow.Tests.csproj", "{E38CE540-FFC5-4C9B-A990-534155F1E591}"
EndProject
Project("{FAE04EC0-301F-11D3-BF4B-00C04F79EFBC}") = "STOTOP.Module.CardFlow", "STOTOP.Module.CardFlow\STOTOP.Module.CardFlow.csproj", "{7A3B779C-FCB7-47FE-9EF7-0F62928B55AD}"
EndProject
Project("{FAE04EC0-301F-11D3-BF4B-00C04F79EFBC}") = "STOTOP.Module.Workflow", "STOTOP.Module.Workflow\STOTOP.Module.Workflow.csproj", "{92CDDFB1-EFD9-47EB-8798-399D4899B5C0}"
EndProject
Project("{FAE04EC0-301F-11D3-BF4B-00C04F79EFBC}") = "STOTOP.WebAPI.Tests", "..\tests\STOTOP.WebAPI.Tests\STOTOP.WebAPI.Tests.csproj", "{ED5AD9E9-9FD1-4001-ADF5-041EA7D4DA05}"
EndProject
Project("{FAE04EC0-301F-11D3-BF4B-00C04F79EFBC}") = "STOTOP.Module.Dormitory.Tests", "..\tests\STOTOP.Module.Dormitory.Tests\STOTOP.Module.Dormitory.Tests.csproj", "{75B34192-844A-4873-B7A4-83A91FE9C358}"
EndProject
Global
	GlobalSection(SolutionConfigurationPlatforms) = preSolution
		Debug|Any CPU = Debug|Any CPU
		Debug|x64 = Debug|x64
		Debug|x86 = Debug|x86
		Release|Any CPU = Release|Any CPU
		Release|x64 = Release|x64
		Release|x86 = Release|x86
	EndGlobalSection
	GlobalSection(ProjectConfigurationPlatforms) = postSolution
		{80957AD6-2872-49DB-9F55-589510E3EF9D}.Debug|Any CPU.ActiveCfg = Debug|Any CPU
		{80957AD6-2872-49DB-9F55-589510E3EF9D}.Debug|Any CPU.Build.0 = Debug|Any CPU
		{80957AD6-2872-49DB-9F55-589510E3EF9D}.Debug|x64.ActiveCfg = Debug|Any CPU
		{80957AD6-2872-49DB-9F55-589510E3EF9D}.Debug|x64.Build.0 = Debug|Any CPU
		{80957AD6-2872-49DB-9F55-589510E3EF9D}.Debug|x86.ActiveCfg = Debug|Any CPU
		{80957AD6-2872-49DB-9F55-589510E3EF9D}.Debug|x86.Build.0 = Debug|Any CPU
		{80957AD6-2872-49DB-9F55-589510E3EF9D}.Release|Any CPU.ActiveCfg = Release|Any CPU
		{80957AD6-2872-49DB-9F55-589510E3EF9D}.Release|Any CPU.Build.0 = Release|Any CPU
		{80957AD6-2872-49DB-9F55-589510E3EF9D}.Release|x64.ActiveCfg = Release|Any CPU
		{80957AD6-2872-49DB-9F55-589510E3EF9D}.Release|x64.Build.0 = Release|Any CPU
		{80957AD6-2872-49DB-9F55-589510E3EF9D}.Release|x86.ActiveCfg = Release|Any CPU
		{80957AD6-2872-49DB-9F55-589510E3EF9D}.Release|x86.Build.0 = Release|Any CPU
		{0E02334E-B9D2-4F7C-A997-A27A0C4569D5}.Debug|Any CPU.ActiveCfg = Debug|Any CPU
		{0E02334E-B9D2-4F7C-A997-A27A0C4569D5}.Debug|Any CPU.Build.0 = Debug|Any CPU
		{0E02334E-B9D2-4F7C-A997-A27A0C4569D5}.Debug|x64.ActiveCfg = Debug|Any CPU
		{0E02334E-B9D2-4F7C-A997-A27A0C4569D5}.Debug|x64.Build.0 = Debug|Any CPU
		{0E02334E-B9D2-4F7C-A997-A27A0C4569D5}.Debug|x86.ActiveCfg = Debug|Any CPU
		{0E02334E-B9D2-4F7C-A997-A27A0C4569D5}.Debug|x86.Build.0 = Debug|Any CPU
		{0E02334E-B9D2-4F7C-A997-A27A0C4569D5}.Release|Any CPU.ActiveCfg = Release|Any CPU
		{0E02334E-B9D2-4F7C-A997-A27A0C4569D5}.Release|Any CPU.Build.0 = Release|Any CPU
		{0E02334E-B9D2-4F7C-A997-A27A0C4569D5}.Release|x64.ActiveCfg = Release|Any CPU
		{0E02334E-B9D2-4F7C-A997-A27A0C4569D5}.Release|x64.Build.0 = Release|Any CPU
		{0E02334E-B9D2-4F7C-A997-A27A0C4569D5}.Release|x86.ActiveCfg = Release|Any CPU
		{0E02334E-B9D2-4F7C-A997-A27A0C4569D5}.Release|x86.Build.0 = Release|Any CPU
		{9DACA005-5D96-4884-A690-A010619406ED}.Debug|Any CPU.ActiveCfg = Debug|Any CPU
		{9DACA005-5D96-4884-A690-A010619406ED}.Debug|Any CPU.Build.0 = Debug|Any CPU
		{9DACA005-5D96-4884-A690-A010619406ED}.Debug|x64.ActiveCfg = Debug|Any CPU
		{9DACA005-5D96-4884-A690-A010619406ED}.Debug|x64.Build.0 = Debug|Any CPU
		{9DACA005-5D96-4884-A690-A010619406ED}.Debug|x86.ActiveCfg = Debug|Any CPU
		{9DACA005-5D96-4884-A690-A010619406ED}.Debug|x86.Build.0 = Debug|Any CPU
		{9DACA005-5D96-4884-A690-A010619406ED}.Release|Any CPU.ActiveCfg = Release|Any CPU
		{9DACA005-5D96-4884-A690-A010619406ED}.Release|Any CPU.Build.0 = Release|Any CPU
		{9DACA005-5D96-4884-A690-A010619406ED}.Release|x64.ActiveCfg = Release|Any CPU
		{9DACA005-5D96-4884-A690-A010619406ED}.Release|x64.Build.0 = Release|Any CPU
		{9DACA005-5D96-4884-A690-A010619406ED}.Release|x86.ActiveCfg = Release|Any CPU
		{9DACA005-5D96-4884-A690-A010619406ED}.Release|x86.Build.0 = Release|Any CPU
		{EF9972F1-9362-44DF-B481-270F1C899740}.Debug|Any CPU.ActiveCfg = Debug|Any CPU
		{EF9972F1-9362-44DF-B481-270F1C899740}.Debug|Any CPU.Build.0 = Debug|Any CPU
		{EF9972F1-9362-44DF-B481-270F1C899740}.Debug|x64.ActiveCfg = Debug|Any CPU
		{EF9972F1-9362-44DF-B481-270F1C899740}.Debug|x64.Build.0 = Debug|Any CPU
		{EF9972F1-9362-44DF-B481-270F1C899740}.Debug|x86.ActiveCfg = Debug|Any CPU
		{EF9972F1-9362-44DF-B481-270F1C899740}.Debug|x86.Build.0 = Debug|Any CPU
		{EF9972F1-9362-44DF-B481-270F1C899740}.Release|Any CPU.ActiveCfg = Release|Any CPU
		{EF9972F1-9362-44DF-B481-270F1C899740}.Release|Any CPU.Build.0 = Release|Any CPU
		{EF9972F1-9362-44DF-B481-270F1C899740}.Release|x64.ActiveCfg = Release|Any CPU
		{EF9972F1-9362-44DF-B481-270F1C899740}.Release|x64.Build.0 = Release|Any CPU
		{EF9972F1-9362-44DF-B481-270F1C899740}.Release|x86.ActiveCfg = Release|Any CPU
		{EF9972F1-9362-44DF-B481-270F1C899740}.Release|x86.Build.0 = Release|Any CPU
		{E322FF64-6E26-4F1D-9632-8B395D8880B4}.Debug|Any CPU.ActiveCfg = Debug|Any CPU
		{E322FF64-6E26-4F1D-9632-8B395D8880B4}.Debug|Any CPU.Build.0 = Debug|Any CPU
		{E322FF64-6E26-4F1D-9632-8B395D8880B4}.Debug|x64.ActiveCfg = Debug|Any CPU
		{E322FF64-6E26-4F1D-9632-8B395D8880B4}.Debug|x64.Build.0 = Debug|Any CPU
		{E322FF64-6E26-4F1D-9632-8B395D8880B4}.Debug|x86.ActiveCfg = Debug|Any CPU
		{E322FF64-6E26-4F1D-9632-8B395D8880B4}.Debug|x86.Build.0 = Debug|Any CPU
		{E322FF64-6E26-4F1D-9632-8B395D8880B4}.Release|Any CPU.ActiveCfg = Release|Any CPU
		{E322FF64-6E26-4F1D-9632-8B395D8880B4}.Release|Any CPU.Build.0 = Release|Any CPU
		{E322FF64-6E26-4F1D-9632-8B395D8880B4}.Release|x64.ActiveCfg = Release|Any CPU
		{E322FF64-6E26-4F1D-9632-8B395D8880B4}.Release|x64.Build.0 = Release|Any CPU
		{E322FF64-6E26-4F1D-9632-8B395D8880B4}.Release|x86.ActiveCfg = Release|Any CPU
		{E322FF64-6E26-4F1D-9632-8B395D8880B4}.Release|x86.Build.0 = Release|Any CPU
		{88320D11-4B75-4A4E-B121-DC3EC8E02361}.Debug|Any CPU.ActiveCfg = Debug|Any CPU
		{88320D11-4B75-4A4E-B121-DC3EC8E02361}.Debug|Any CPU.Build.0 = Debug|Any CPU
		{88320D11-4B75-4A4E-B121-DC3EC8E02361}.Debug|x64.ActiveCfg = Debug|Any CPU
		{88320D11-4B75-4A4E-B121-DC3EC8E02361}.Debug|x64.Build.0 = Debug|Any CPU
		{88320D11-4B75-4A4E-B121-DC3EC8E02361}.Debug|x86.ActiveCfg = Debug|Any CPU
		{88320D11-4B75-4A4E-B121-DC3EC8E02361}.Debug|x86.Build.0 = Debug|Any CPU
		{88320D11-4B75-4A4E-B121-DC3EC8E02361}.Release|Any CPU.ActiveCfg = Release|Any CPU
		{88320D11-4B75-4A4E-B121-DC3EC8E02361}.Release|Any CPU.Build.0 = Release|Any CPU
		{88320D11-4B75-4A4E-B121-DC3EC8E02361}.Release|x64.ActiveCfg = Release|Any CPU
		{88320D11-4B75-4A4E-B121-DC3EC8E02361}.Release|x64.Build.0 = Release|Any CPU
		{88320D11-4B75-4A4E-B121-DC3EC8E02361}.Release|x86.ActiveCfg = Release|Any CPU
		{88320D11-4B75-4A4E-B121-DC3EC8E02361}.Release|x86.Build.0 = Release|Any CPU
		{173CB54B-FFA4-4B7E-A443-B1F0030C6168}.Debug|Any CPU.ActiveCfg = Debug|Any CPU
		{173CB54B-FFA4-4B7E-A443-B1F0030C6168}.Debug|Any CPU.Build.0 = Debug|Any CPU
		{173CB54B-FFA4-4B7E-A443-B1F0030C6168}.Debug|x64.ActiveCfg = Debug|Any CPU
		{173CB54B-FFA4-4B7E-A443-B1F0030C6168}.Debug|x64.Build.0 = Debug|Any CPU
		{173CB54B-FFA4-4B7E-A443-B1F0030C6168}.Debug|x86.ActiveCfg = Debug|Any CPU
		{173CB54B-FFA4-4B7E-A443-B1F0030C6168}.Debug|x86.Build.0 = Debug|Any CPU
		{173CB54B-FFA4-4B7E-A443-B1F0030C6168}.Release|Any CPU.ActiveCfg = Release|Any CPU
		{173CB54B-FFA4-4B7E-A443-B1F0030C6168}.Release|Any CPU.Build.0 = Release|Any CPU
		{173CB54B-FFA4-4B7E-A443-B1F0030C6168}.Release|x64.ActiveCfg = Release|Any CPU
		{173CB54B-FFA4-4B7E-A443-B1F0030C6168}.Release|x64.Build.0 = Release|Any CPU
		{173CB54B-FFA4-4B7E-A443-B1F0030C6168}.Release|x86.ActiveCfg = Release|Any CPU
		{173CB54B-FFA4-4B7E-A443-B1F0030C6168}.Release|x86.Build.0 = Release|Any CPU
		{B5A2F8C1-3D4E-4F6A-8B9C-1E2D3F4A5B6C}.Debug|Any CPU.ActiveCfg = Debug|Any CPU
		{B5A2F8C1-3D4E-4F6A-8B9C-1E2D3F4A5B6C}.Debug|Any CPU.Build.0 = Debug|Any CPU
		{B5A2F8C1-3D4E-4F6A-8B9C-1E2D3F4A5B6C}.Debug|x64.ActiveCfg = Debug|Any CPU
		{B5A2F8C1-3D4E-4F6A-8B9C-1E2D3F4A5B6C}.Debug|x64.Build.0 = Debug|Any CPU
		{B5A2F8C1-3D4E-4F6A-8B9C-1E2D3F4A5B6C}.Debug|x86.ActiveCfg = Debug|Any CPU
		{B5A2F8C1-3D4E-4F6A-8B9C-1E2D3F4A5B6C}.Debug|x86.Build.0 = Debug|Any CPU
		{B5A2F8C1-3D4E-4F6A-8B9C-1E2D3F4A5B6C}.Release|Any CPU.ActiveCfg = Release|Any CPU
		{B5A2F8C1-3D4E-4F6A-8B9C-1E2D3F4A5B6C}.Release|Any CPU.Build.0 = Release|Any CPU
		{B5A2F8C1-3D4E-4F6A-8B9C-1E2D3F4A5B6C}.Release|x64.ActiveCfg = Release|Any CPU
		{B5A2F8C1-3D4E-4F6A-8B9C-1E2D3F4A5B6C}.Release|x64.Build.0 = Release|Any CPU
		{B5A2F8C1-3D4E-4F6A-8B9C-1E2D3F4A5B6C}.Release|x86.ActiveCfg = Release|Any CPU
		{B5A2F8C1-3D4E-4F6A-8B9C-1E2D3F4A5B6C}.Release|x86.Build.0 = Release|Any CPU
		{C7D8E9F0-1A2B-3C4D-5E6F-7A8B9C0D1E2F}.Debug|Any CPU.ActiveCfg = Debug|Any CPU
		{C7D8E9F0-1A2B-3C4D-5E6F-7A8B9C0D1E2F}.Debug|Any CPU.Build.0 = Debug|Any CPU
		{C7D8E9F0-1A2B-3C4D-5E6F-7A8B9C0D1E2F}.Debug|x64.ActiveCfg = Debug|Any CPU
		{C7D8E9F0-1A2B-3C4D-5E6F-7A8B9C0D1E2F}.Debug|x64.Build.0 = Debug|Any CPU
		{C7D8E9F0-1A2B-3C4D-5E6F-7A8B9C0D1E2F}.Debug|x86.ActiveCfg = Debug|Any CPU
		{C7D8E9F0-1A2B-3C4D-5E6F-7A8B9C0D1E2F}.Debug|x86.Build.0 = Debug|Any CPU
		{C7D8E9F0-1A2B-3C4D-5E6F-7A8B9C0D1E2F}.Release|Any CPU.ActiveCfg = Release|Any CPU
		{C7D8E9F0-1A2B-3C4D-5E6F-7A8B9C0D1E2F}.Release|Any CPU.Build.0 = Release|Any CPU
		{C7D8E9F0-1A2B-3C4D-5E6F-7A8B9C0D1E2F}.Release|x64.ActiveCfg = Release|Any CPU
		{C7D8E9F0-1A2B-3C4D-5E6F-7A8B9C0D1E2F}.Release|x64.Build.0 = Release|Any CPU
		{C7D8E9F0-1A2B-3C4D-5E6F-7A8B9C0D1E2F}.Release|x86.ActiveCfg = Release|Any CPU
		{C7D8E9F0-1A2B-3C4D-5E6F-7A8B9C0D1E2F}.Release|x86.Build.0 = Release|Any CPU
		{D1E2F3A4-5B6C-7D8E-9F0A-1B2C3D4E5F6A}.Debug|Any CPU.ActiveCfg = Debug|Any CPU
		{D1E2F3A4-5B6C-7D8E-9F0A-1B2C3D4E5F6A}.Debug|Any CPU.Build.0 = Debug|Any CPU
		{D1E2F3A4-5B6C-7D8E-9F0A-1B2C3D4E5F6A}.Debug|x64.ActiveCfg = Debug|Any CPU
		{D1E2F3A4-5B6C-7D8E-9F0A-1B2C3D4E5F6A}.Debug|x64.Build.0 = Debug|Any CPU
		{D1E2F3A4-5B6C-7D8E-9F0A-1B2C3D4E5F6A}.Debug|x86.ActiveCfg = Debug|Any CPU
		{D1E2F3A4-5B6C-7D8E-9F0A-1B2C3D4E5F6A}.Debug|x86.Build.0 = Debug|Any CPU
		{D1E2F3A4-5B6C-7D8E-9F0A-1B2C3D4E5F6A}.Release|Any CPU.ActiveCfg = Release|Any CPU
		{D1E2F3A4-5B6C-7D8E-9F0A-1B2C3D4E5F6A}.Release|Any CPU.Build.0 = Release|Any CPU
		{D1E2F3A4-5B6C-7D8E-9F0A-1B2C3D4E5F6A}.Release|x64.ActiveCfg = Release|Any CPU
		{D1E2F3A4-5B6C-7D8E-9F0A-1B2C3D4E5F6A}.Release|x64.Build.0 = Release|Any CPU
		{D1E2F3A4-5B6C-7D8E-9F0A-1B2C3D4E5F6A}.Release|x86.ActiveCfg = Release|Any CPU
		{D1E2F3A4-5B6C-7D8E-9F0A-1B2C3D4E5F6A}.Release|x86.Build.0 = Release|Any CPU
		{BAF79FB4-A13A-473B-B7CD-18E4F793099A}.Debug|Any CPU.ActiveCfg = Debug|Any CPU
		{BAF79FB4-A13A-473B-B7CD-18E4F793099A}.Debug|Any CPU.Build.0 = Debug|Any CPU
		{BAF79FB4-A13A-473B-B7CD-18E4F793099A}.Debug|x64.ActiveCfg = Debug|Any CPU
		{BAF79FB4-A13A-473B-B7CD-18E4F793099A}.Debug|x64.Build.0 = Debug|Any CPU
		{BAF79FB4-A13A-473B-B7CD-18E4F793099A}.Debug|x86.ActiveCfg = Debug|Any CPU
		{BAF79FB4-A13A-473B-B7CD-18E4F793099A}.Debug|x86.Build.0 = Debug|Any CPU
		{BAF79FB4-A13A-473B-B7CD-18E4F793099A}.Release|Any CPU.ActiveCfg = Release|Any CPU
		{BAF79FB4-A13A-473B-B7CD-18E4F793099A}.Release|Any CPU.Build.0 = Release|Any CPU
		{BAF79FB4-A13A-473B-B7CD-18E4F793099A}.Release|x64.ActiveCfg = Release|Any CPU
		{BAF79FB4-A13A-473B-B7CD-18E4F793099A}.Release|x64.Build.0 = Release|Any CPU
		{BAF79FB4-A13A-473B-B7CD-18E4F793099A}.Release|x86.ActiveCfg = Release|Any CPU
		{BAF79FB4-A13A-473B-B7CD-18E4F793099A}.Release|x86.Build.0 = Release|Any CPU
		{088C69D2-FFEA-40ED-8DC0-CF9E9C97B2BA}.Debug|Any CPU.ActiveCfg = Debug|Any CPU
		{088C69D2-FFEA-40ED-8DC0-CF9E9C97B2BA}.Debug|Any CPU.Build.0 = Debug|Any CPU
		{088C69D2-FFEA-40ED-8DC0-CF9E9C97B2BA}.Debug|x64.ActiveCfg = Debug|Any CPU
		{088C69D2-FFEA-40ED-8DC0-CF9E9C97B2BA}.Debug|x64.Build.0 = Debug|Any CPU
		{088C69D2-FFEA-40ED-8DC0-CF9E9C97B2BA}.Debug|x86.ActiveCfg = Debug|Any CPU
		{088C69D2-FFEA-40ED-8DC0-CF9E9C97B2BA}.Debug|x86.Build.0 = Debug|Any CPU
		{088C69D2-FFEA-40ED-8DC0-CF9E9C97B2BA}.Release|Any CPU.ActiveCfg = Release|Any CPU
		{088C69D2-FFEA-40ED-8DC0-CF9E9C97B2BA}.Release|Any CPU.Build.0 = Release|Any CPU
		{088C69D2-FFEA-40ED-8DC0-CF9E9C97B2BA}.Release|x64.ActiveCfg = Release|Any CPU
		{088C69D2-FFEA-40ED-8DC0-CF9E9C97B2BA}.Release|x64.Build.0 = Release|Any CPU
		{088C69D2-FFEA-40ED-8DC0-CF9E9C97B2BA}.Release|x86.ActiveCfg = Release|Any CPU
		{088C69D2-FFEA-40ED-8DC0-CF9E9C97B2BA}.Release|x86.Build.0 = Release|Any CPU
		{04C12B20-5072-4AC3-9070-E13A3FB8CCF1}.Debug|Any CPU.ActiveCfg = Debug|Any CPU
		{04C12B20-5072-4AC3-9070-E13A3FB8CCF1}.Debug|Any CPU.Build.0 = Debug|Any CPU
		{04C12B20-5072-4AC3-9070-E13A3FB8CCF1}.Debug|x64.ActiveCfg = Debug|Any CPU
		{04C12B20-5072-4AC3-9070-E13A3FB8CCF1}.Debug|x64.Build.0 = Debug|Any CPU
		{04C12B20-5072-4AC3-9070-E13A3FB8CCF1}.Debug|x86.ActiveCfg = Debug|Any CPU
		{04C12B20-5072-4AC3-9070-E13A3FB8CCF1}.Debug|x86.Build.0 = Debug|Any CPU
		{04C12B20-5072-4AC3-9070-E13A3FB8CCF1}.Release|Any CPU.ActiveCfg = Release|Any CPU
		{04C12B20-5072-4AC3-9070-E13A3FB8CCF1}.Release|Any CPU.Build.0 = Release|Any CPU
		{04C12B20-5072-4AC3-9070-E13A3FB8CCF1}.Release|x64.ActiveCfg = Release|Any CPU
		{04C12B20-5072-4AC3-9070-E13A3FB8CCF1}.Release|x64.Build.0 = Release|Any CPU
		{04C12B20-5072-4AC3-9070-E13A3FB8CCF1}.Release|x86.ActiveCfg = Release|Any CPU
		{04C12B20-5072-4AC3-9070-E13A3FB8CCF1}.Release|x86.Build.0 = Release|Any CPU
		{60A74BF4-344B-4681-A4FA-863C2EDEA21F}.Debug|Any CPU.ActiveCfg = Debug|Any CPU
		{60A74BF4-344B-4681-A4FA-863C2EDEA21F}.Debug|Any CPU.Build.0 = Debug|Any CPU
		{60A74BF4-344B-4681-A4FA-863C2EDEA21F}.Debug|x64.ActiveCfg = Debug|Any CPU
		{60A74BF4-344B-4681-A4FA-863C2EDEA21F}.Debug|x64.Build.0 = Debug|Any CPU
		{60A74BF4-344B-4681-A4FA-863C2EDEA21F}.Debug|x86.ActiveCfg = Debug|Any CPU
		{60A74BF4-344B-4681-A4FA-863C2EDEA21F}.Debug|x86.Build.0 = Debug|Any CPU
		{60A74BF4-344B-4681-A4FA-863C2EDEA21F}.Release|Any CPU.ActiveCfg = Release|Any CPU
		{60A74BF4-344B-4681-A4FA-863C2EDEA21F}.Release|Any CPU.Build.0 = Release|Any CPU
		{60A74BF4-344B-4681-A4FA-863C2EDEA21F}.Release|x64.ActiveCfg = Release|Any CPU
		{60A74BF4-344B-4681-A4FA-863C2EDEA21F}.Release|x64.Build.0 = Release|Any CPU
		{60A74BF4-344B-4681-A4FA-863C2EDEA21F}.Release|x86.ActiveCfg = Release|Any CPU
		{60A74BF4-344B-4681-A4FA-863C2EDEA21F}.Release|x86.Build.0 = Release|Any CPU
		{0FB465E3-6577-43D5-B9A4-BE4A3663BCA7}.Debug|Any CPU.ActiveCfg = Debug|Any CPU
		{0FB465E3-6577-43D5-B9A4-BE4A3663BCA7}.Debug|Any CPU.Build.0 = Debug|Any CPU
		{0FB465E3-6577-43D5-B9A4-BE4A3663BCA7}.Debug|x64.ActiveCfg = Debug|Any CPU
		{0FB465E3-6577-43D5-B9A4-BE4A3663BCA7}.Debug|x64.Build.0 = Debug|Any CPU
		{0FB465E3-6577-43D5-B9A4-BE4A3663BCA7}.Debug|x86.ActiveCfg = Debug|Any CPU
		{0FB465E3-6577-43D5-B9A4-BE4A3663BCA7}.Debug|x86.Build.0 = Debug|Any CPU
		{0FB465E3-6577-43D5-B9A4-BE4A3663BCA7}.Release|Any CPU.ActiveCfg = Release|Any CPU
		{0FB465E3-6577-43D5-B9A4-BE4A3663BCA7}.Release|Any CPU.Build.0 = Release|Any CPU
		{0FB465E3-6577-43D5-B9A4-BE4A3663BCA7}.Release|x64.ActiveCfg = Release|Any CPU
		{0FB465E3-6577-43D5-B9A4-BE4A3663BCA7}.Release|x64.Build.0 = Release|Any CPU
		{0FB465E3-6577-43D5-B9A4-BE4A3663BCA7}.Release|x86.ActiveCfg = Release|Any CPU
		{0FB465E3-6577-43D5-B9A4-BE4A3663BCA7}.Release|x86.Build.0 = Release|Any CPU
		{90011D53-890C-4277-9646-F53FC7AF32DD}.Debug|Any CPU.ActiveCfg = Debug|Any CPU
		{90011D53-890C-4277-9646-F53FC7AF32DD}.Debug|Any CPU.Build.0 = Debug|Any CPU
		{90011D53-890C-4277-9646-F53FC7AF32DD}.Debug|x64.ActiveCfg = Debug|Any CPU
		{90011D53-890C-4277-9646-F53FC7AF32DD}.Debug|x64.Build.0 = Debug|Any CPU
		{90011D53-890C-4277-9646-F53FC7AF32DD}.Debug|x86.ActiveCfg = Debug|Any CPU
		{90011D53-890C-4277-9646-F53FC7AF32DD}.Debug|x86.Build.0 = Debug|Any CPU
		{90011D53-890C-4277-9646-F53FC7AF32DD}.Release|Any CPU.ActiveCfg = Release|Any CPU
		{90011D53-890C-4277-9646-F53FC7AF32DD}.Release|Any CPU.Build.0 = Release|Any CPU
		{90011D53-890C-4277-9646-F53FC7AF32DD}.Release|x64.ActiveCfg = Release|Any CPU
		{90011D53-890C-4277-9646-F53FC7AF32DD}.Release|x64.Build.0 = Release|Any CPU
		{90011D53-890C-4277-9646-F53FC7AF32DD}.Release|x86.ActiveCfg = Release|Any CPU
		{90011D53-890C-4277-9646-F53FC7AF32DD}.Release|x86.Build.0 = Release|Any CPU
		{064162A6-79BB-4B1D-AF92-F02682B2B04C}.Debug|Any CPU.ActiveCfg = Debug|Any CPU
		{064162A6-79BB-4B1D-AF92-F02682B2B04C}.Debug|Any CPU.Build.0 = Debug|Any CPU
		{064162A6-79BB-4B1D-AF92-F02682B2B04C}.Debug|x64.ActiveCfg = Debug|Any CPU
		{064162A6-79BB-4B1D-AF92-F02682B2B04C}.Debug|x64.Build.0 = Debug|Any CPU
		{064162A6-79BB-4B1D-AF92-F02682B2B04C}.Debug|x86.ActiveCfg = Debug|Any CPU
		{064162A6-79BB-4B1D-AF92-F02682B2B04C}.Debug|x86.Build.0 = Debug|Any CPU
		{064162A6-79BB-4B1D-AF92-F02682B2B04C}.Release|Any CPU.ActiveCfg = Release|Any CPU
		{064162A6-79BB-4B1D-AF92-F02682B2B04C}.Release|Any CPU.Build.0 = Release|Any CPU
		{064162A6-79BB-4B1D-AF92-F02682B2B04C}.Release|x64.ActiveCfg = Release|Any CPU
		{064162A6-79BB-4B1D-AF92-F02682B2B04C}.Release|x64.Build.0 = Release|Any CPU
		{064162A6-79BB-4B1D-AF92-F02682B2B04C}.Release|x86.ActiveCfg = Release|Any CPU
		{064162A6-79BB-4B1D-AF92-F02682B2B04C}.Release|x86.Build.0 = Release|Any CPU
		{7F8A9B0C-1D2E-3F4A-5B6C-7D8E9F0A1B2C}.Debug|Any CPU.ActiveCfg = Debug|Any CPU
		{7F8A9B0C-1D2E-3F4A-5B6C-7D8E9F0A1B2C}.Debug|Any CPU.Build.0 = Debug|Any CPU
		{7F8A9B0C-1D2E-3F4A-5B6C-7D8E9F0A1B2C}.Debug|x64.ActiveCfg = Debug|Any CPU
		{7F8A9B0C-1D2E-3F4A-5B6C-7D8E9F0A1B2C}.Debug|x64.Build.0 = Debug|Any CPU
		{7F8A9B0C-1D2E-3F4A-5B6C-7D8E9F0A1B2C}.Debug|x86.ActiveCfg = Debug|Any CPU
		{7F8A9B0C-1D2E-3F4A-5B6C-7D8E9F0A1B2C}.Debug|x86.Build.0 = Debug|Any CPU
		{7F8A9B0C-1D2E-3F4A-5B6C-7D8E9F0A1B2C}.Release|Any CPU.ActiveCfg = Release|Any CPU
		{7F8A9B0C-1D2E-3F4A-5B6C-7D8E9F0A1B2C}.Release|Any CPU.Build.0 = Release|Any CPU
		{7F8A9B0C-1D2E-3F4A-5B6C-7D8E9F0A1B2C}.Release|x64.ActiveCfg = Release|Any CPU
		{7F8A9B0C-1D2E-3F4A-5B6C-7D8E9F0A1B2C}.Release|x64.Build.0 = Release|Any CPU
		{7F8A9B0C-1D2E-3F4A-5B6C-7D8E9F0A1B2C}.Release|x86.ActiveCfg = Release|Any CPU
		{7F8A9B0C-1D2E-3F4A-5B6C-7D8E9F0A1B2C}.Release|x86.Build.0 = Release|Any CPU
		{C14118BB-952A-4343-9B91-987DA0FEEC1E}.Debug|Any CPU.ActiveCfg = Debug|Any CPU
		{C14118BB-952A-4343-9B91-987DA0FEEC1E}.Debug|Any CPU.Build.0 = Debug|Any CPU
		{C14118BB-952A-4343-9B91-987DA0FEEC1E}.Debug|x64.ActiveCfg = Debug|Any CPU
		{C14118BB-952A-4343-9B91-987DA0FEEC1E}.Debug|x64.Build.0 = Debug|Any CPU
		{C14118BB-952A-4343-9B91-987DA0FEEC1E}.Debug|x86.ActiveCfg = Debug|Any CPU
		{C14118BB-952A-4343-9B91-987DA0FEEC1E}.Debug|x86.Build.0 = Debug|Any CPU
		{C14118BB-952A-4343-9B91-987DA0FEEC1E}.Release|Any CPU.ActiveCfg = Release|Any CPU
		{C14118BB-952A-4343-9B91-987DA0FEEC1E}.Release|Any CPU.Build.0 = Release|Any CPU
		{C14118BB-952A-4343-9B91-987DA0FEEC1E}.Release|x64.ActiveCfg = Release|Any CPU
		{C14118BB-952A-4343-9B91-987DA0FEEC1E}.Release|x64.Build.0 = Release|Any CPU
		{C14118BB-952A-4343-9B91-987DA0FEEC1E}.Release|x86.ActiveCfg = Release|Any CPU
		{C14118BB-952A-4343-9B91-987DA0FEEC1E}.Release|x86.Build.0 = Release|Any CPU
		{E38CE540-FFC5-4C9B-A990-534155F1E591}.Debug|Any CPU.ActiveCfg = Debug|Any CPU
		{E38CE540-FFC5-4C9B-A990-534155F1E591}.Debug|Any CPU.Build.0 = Debug|Any CPU
		{E38CE540-FFC5-4C9B-A990-534155F1E591}.Debug|x64.ActiveCfg = Debug|Any CPU
		{E38CE540-FFC5-4C9B-A990-534155F1E591}.Debug|x64.Build.0 = Debug|Any CPU
		{E38CE540-FFC5-4C9B-A990-534155F1E591}.Debug|x86.ActiveCfg = Debug|Any CPU
		{E38CE540-FFC5-4C9B-A990-534155F1E591}.Debug|x86.Build.0 = Debug|Any CPU
		{E38CE540-FFC5-4C9B-A990-534155F1E591}.Release|Any CPU.ActiveCfg = Release|Any CPU
		{E38CE540-FFC5-4C9B-A990-534155F1E591}.Release|Any CPU.Build.0 = Release|Any CPU
		{E38CE540-FFC5-4C9B-A990-534155F1E591}.Release|x64.ActiveCfg = Release|Any CPU
		{E38CE540-FFC5-4C9B-A990-534155F1E591}.Release|x64.Build.0 = Release|Any CPU
		{E38CE540-FFC5-4C9B-A990-534155F1E591}.Release|x86.ActiveCfg = Release|Any CPU
		{E38CE540-FFC5-4C9B-A990-534155F1E591}.Release|x86.Build.0 = Release|Any CPU
		{7A3B779C-FCB7-47FE-9EF7-0F62928B55AD}.Debug|Any CPU.ActiveCfg = Debug|Any CPU
		{7A3B779C-FCB7-47FE-9EF7-0F62928B55AD}.Debug|Any CPU.Build.0 = Debug|Any CPU
		{7A3B779C-FCB7-47FE-9EF7-0F62928B55AD}.Debug|x64.ActiveCfg = Debug|Any CPU
		{7A3B779C-FCB7-47FE-9EF7-0F62928B55AD}.Debug|x64.Build.0 = Debug|Any CPU
		{7A3B779C-FCB7-47FE-9EF7-0F62928B55AD}.Debug|x86.ActiveCfg = Debug|Any CPU
		{7A3B779C-FCB7-47FE-9EF7-0F62928B55AD}.Debug|x86.Build.0 = Debug|Any CPU
		{7A3B779C-FCB7-47FE-9EF7-0F62928B55AD}.Release|Any CPU.ActiveCfg = Release|Any CPU
		{7A3B779C-FCB7-47FE-9EF7-0F62928B55AD}.Release|Any CPU.Build.0 = Release|Any CPU
		{7A3B779C-FCB7-47FE-9EF7-0F62928B55AD}.Release|x64.ActiveCfg = Release|Any CPU
		{7A3B779C-FCB7-47FE-9EF7-0F62928B55AD}.Release|x64.Build.0 = Release|Any CPU
		{7A3B779C-FCB7-47FE-9EF7-0F62928B55AD}.Release|x86.ActiveCfg = Release|Any CPU
		{7A3B779C-FCB7-47FE-9EF7-0F62928B55AD}.Release|x86.Build.0 = Release|Any CPU
		{92CDDFB1-EFD9-47EB-8798-399D4899B5C0}.Debug|Any CPU.ActiveCfg = Debug|Any CPU
		{92CDDFB1-EFD9-47EB-8798-399D4899B5C0}.Debug|Any CPU.Build.0 = Debug|Any CPU
		{92CDDFB1-EFD9-47EB-8798-399D4899B5C0}.Debug|x64.ActiveCfg = Debug|Any CPU
		{92CDDFB1-EFD9-47EB-8798-399D4899B5C0}.Debug|x64.Build.0 = Debug|Any CPU
		{92CDDFB1-EFD9-47EB-8798-399D4899B5C0}.Debug|x86.ActiveCfg = Debug|Any CPU
		{92CDDFB1-EFD9-47EB-8798-399D4899B5C0}.Debug|x86.Build.0 = Debug|Any CPU
		{92CDDFB1-EFD9-47EB-8798-399D4899B5C0}.Release|Any CPU.ActiveCfg = Release|Any CPU
		{92CDDFB1-EFD9-47EB-8798-399D4899B5C0}.Release|Any CPU.Build.0 = Release|Any CPU
		{92CDDFB1-EFD9-47EB-8798-399D4899B5C0}.Release|x64.ActiveCfg = Release|Any CPU
		{92CDDFB1-EFD9-47EB-8798-399D4899B5C0}.Release|x64.Build.0 = Release|Any CPU
		{92CDDFB1-EFD9-47EB-8798-399D4899B5C0}.Release|x86.ActiveCfg = Release|Any CPU
		{92CDDFB1-EFD9-47EB-8798-399D4899B5C0}.Release|x86.Build.0 = Release|Any CPU
		{ED5AD9E9-9FD1-4001-ADF5-041EA7D4DA05}.Debug|Any CPU.ActiveCfg = Debug|Any CPU
		{ED5AD9E9-9FD1-4001-ADF5-041EA7D4DA05}.Debug|Any CPU.Build.0 = Debug|Any CPU
		{ED5AD9E9-9FD1-4001-ADF5-041EA7D4DA05}.Debug|x64.ActiveCfg = Debug|Any CPU
		{ED5AD9E9-9FD1-4001-ADF5-041EA7D4DA05}.Debug|x64.Build.0 = Debug|Any CPU
		{ED5AD9E9-9FD1-4001-ADF5-041EA7D4DA05}.Debug|x86.ActiveCfg = Debug|Any CPU
		{ED5AD9E9-9FD1-4001-ADF5-041EA7D4DA05}.Debug|x86.Build.0 = Debug|Any CPU
		{ED5AD9E9-9FD1-4001-ADF5-041EA7D4DA05}.Release|Any CPU.ActiveCfg = Release|Any CPU
		{ED5AD9E9-9FD1-4001-ADF5-041EA7D4DA05}.Release|Any CPU.Build.0 = Release|Any CPU
		{ED5AD9E9-9FD1-4001-ADF5-041EA7D4DA05}.Release|x64.ActiveCfg = Release|Any CPU
		{ED5AD9E9-9FD1-4001-ADF5-041EA7D4DA05}.Release|x64.Build.0 = Release|Any CPU
		{ED5AD9E9-9FD1-4001-ADF5-041EA7D4DA05}.Release|x86.ActiveCfg = Release|Any CPU
		{ED5AD9E9-9FD1-4001-ADF5-041EA7D4DA05}.Release|x86.Build.0 = Release|Any CPU
		{75B34192-844A-4873-B7A4-83A91FE9C358}.Debug|Any CPU.ActiveCfg = Debug|Any CPU
		{75B34192-844A-4873-B7A4-83A91FE9C358}.Debug|Any CPU.Build.0 = Debug|Any CPU
		{75B34192-844A-4873-B7A4-83A91FE9C358}.Debug|x64.ActiveCfg = Debug|Any CPU
		{75B34192-844A-4873-B7A4-83A91FE9C358}.Debug|x64.Build.0 = Debug|Any CPU
		{75B34192-844A-4873-B7A4-83A91FE9C358}.Debug|x86.ActiveCfg = Debug|Any CPU
		{75B34192-844A-4873-B7A4-83A91FE9C358}.Debug|x86.Build.0 = Debug|Any CPU
		{75B34192-844A-4873-B7A4-83A91FE9C358}.Release|Any CPU.ActiveCfg = Release|Any CPU
		{75B34192-844A-4873-B7A4-83A91FE9C358}.Release|Any CPU.Build.0 = Release|Any CPU
		{75B34192-844A-4873-B7A4-83A91FE9C358}.Release|x64.ActiveCfg = Release|Any CPU
		{75B34192-844A-4873-B7A4-83A91FE9C358}.Release|x64.Build.0 = Release|Any CPU
		{75B34192-844A-4873-B7A4-83A91FE9C358}.Release|x86.ActiveCfg = Release|Any CPU
		{75B34192-844A-4873-B7A4-83A91FE9C358}.Release|x86.Build.0 = Release|Any CPU
	EndGlobalSection
	GlobalSection(SolutionProperties) = preSolution
		HideSolutionNode = FALSE
	EndGlobalSection
EndGlobal
